
Microsoft Visual Studio Solution File, Format Version 12.00
# Visual Studio Version 17
VisualStudioVersion = 17.8.34601.278
MinimumVisualStudioVersion = 10.0.40219.1
Project("{FAE04EC0-301F-11D3-BF4B-00C04F79EFBC}") = "FridayNightTaggin", "FridayNightTaggin\FridayNightTaggin.csproj", "{EFE73AC3-81FE-469F-A04A-17474F3887A7}"
EndProject
Global
	GlobalSection(SolutionConfigurationPlatforms) = preSolution
		Debug|Any CPU = Debug|Any CPU
		Release|Any CPU = Release|Any CPU
	EndGlobalSection
	GlobalSection(ProjectConfigurationPlatforms) = postSolution
		{EFE73AC3-81FE-469F-A04A-17474F3887A7}.Debug|Any CPU.ActiveCfg = Debug|Any CPU
		{EFE73AC3-81FE-469F-A04A-17474F3887A7}.Debug|Any CPU.Build.0 = Debug|Any CPU
		{EFE73AC3-81FE-469F-A04A-17474F3887A7}.Release|Any CPU.ActiveCfg = Release|Any CPU
		{EFE73AC3-81FE-469F-A04A-17474F3887A7}.Release|Any CPU.Build.0 = Release|Any CPU
	EndGlobalSection
	GlobalSection(SolutionProperties) = preSolution
		HideSolutionNode = FALSE
	EndGlobalSection
	GlobalSection(ExtensibilityGlobals) = postSolution
		SolutionGuid = {CBA05E26-DF52-4F2B-ABA0-2BF868DF5C56}
	EndGlobalSection
EndGlobal
